PODS:
  - Alamofire (5.7.1)
  - RxSwift (6.2.0)
  - SDWebImage (5.18.5):
    - SDWebImage/Core (= 5.18.5)
  - SDWebImage/Core (5.18.5)

DEPENDENCIES:
  - Alamofire
  - RxSwift (= 6.2.0)
  - SDWebImage

SPEC REPOS:
  trunk:
    - Alamofire
    - RxSwift
    - SDWebImage

SPEC CHECKSUMS:
  Alamofire: 0123a34370cb170936ae79a8df46cc62b2edeb88
  RxSwift: d356ab7bee873611322f134c5f9ef379fa183d8f
  SDWebImage: 7ac2b7ddc5e8484c79aa90fc4e30b149d6a2c88f

PODFILE CHECKSUM: dc33cc34b40be76ea2bdf73669cb4771b70762d1

COCOAPODS: 1.12.1
