PODS:
  - Alamofire (5.7.1)
  - Realm (10.44.0):
    - Realm/Headers (= 10.44.0)
  - Realm/Headers (10.44.0)
  - RealmSwift (10.44.0):
    - Realm (= 10.44.0)
  - SDWebImage (5.18.5):
    - SDWebImage/Core (= 5.18.5)
  - SDWebImage/Core (5.18.5)

DEPENDENCIES:
  - Alamofire
  - RealmSwift (~> 10)
  - SDWebImage

SPEC REPOS:
  trunk:
    - Alamofire
    - Realm
    - RealmSwift
    - SDWebImage

SPEC CHECKSUMS:
  Alamofire: 0123a34370cb170936ae79a8df46cc62b2edeb88
  Realm: 0419a32457873acb720df25bf1d658df36967cf2
  RealmSwift: 352f85c018b4d0efe961974bfa95bf7a30e079f6
  SDWebImage: 7ac2b7ddc5e8484c79aa90fc4e30b149d6a2c88f

PODFILE CHECKSUM: b84d33d4b311b229a2b7d306b59ee77b7b03e0e9

COCOAPODS: 1.12.1
